
Microsoft Visual Studio Solution File, Format Version 12.00
# Visual Studio Version 16
VisualStudioVersion = 16.0.29728.190
MinimumVisualStudioVersion = 10.0.40219.1
Project("{FAE04EC0-301F-11D3-BF4B-00C04F79EFBC}") = "CTAPBLETool3", "CTAPBLETool3\CTAPBLETool3.csproj", "{9C7A73C6-5E0B-4CAB-B357-F5DEBC56CB06}"
EndProject
Global
	GlobalSection(SolutionConfigurationPlatforms) = preSolution
		Debug|Any CPU = Debug|Any CPU
		Release|Any CPU = Release|Any CPU
	EndGlobalSection
	GlobalSection(ProjectConfigurationPlatforms) = postSolution
		{9C7A73C6-5E0B-4CAB-B357-F5DEBC56CB06}.Debug|Any CPU.ActiveCfg = Debug|Any CPU
		{9C7A73C6-5E0B-4CAB-B357-F5DEBC56CB06}.Debug|Any CPU.Build.0 = Debug|Any CPU
		{9C7A73C6-5E0B-4CAB-B357-F5DEBC56CB06}.Release|Any CPU.ActiveCfg = Release|Any CPU
		{9C7A73C6-5E0B-4CAB-B357-F5DEBC56CB06}.Release|Any CPU.Build.0 = Release|Any CPU
	EndGlobalSection
	GlobalSection(SolutionProperties) = preSolution
		HideSolutionNode = FALSE
	EndGlobalSection
	GlobalSection(ExtensibilityGlobals) = postSolution
		SolutionGuid = {5CE1097B-6BC4-4508-8CE1-7261FAC7C183}
	EndGlobalSection
EndGlobal
