
Microsoft Visual Studio Solution File, Format Version 12.00
# Visual Studio Version 16
VisualStudioVersion = 16.0.29503.13
MinimumVisualStudioVersion = 10.0.40219.1
Project("{FAE04EC0-301F-11D3-BF4B-00C04F79EFBC}") = "CTAPBLETool2", "CTAPBLETool2\CTAPBLETool2.csproj", "{27C60F4A-F1AA-4FA0-8655-1734B17A838D}"
EndProject
Global
	GlobalSection(SolutionConfigurationPlatforms) = preSolution
		Debug|Any CPU = Debug|Any CPU
		Release|Any CPU = Release|Any CPU
	EndGlobalSection
	GlobalSection(ProjectConfigurationPlatforms) = postSolution
		{27C60F4A-F1AA-4FA0-8655-1734B17A838D}.Debug|Any CPU.ActiveCfg = Debug|Any CPU
		{27C60F4A-F1AA-4FA0-8655-1734B17A838D}.Debug|Any CPU.Build.0 = Debug|Any CPU
		{27C60F4A-F1AA-4FA0-8655-1734B17A838D}.Release|Any CPU.ActiveCfg = Release|Any CPU
		{27C60F4A-F1AA-4FA0-8655-1734B17A838D}.Release|Any CPU.Build.0 = Release|Any CPU
	EndGlobalSection
	GlobalSection(SolutionProperties) = preSolution
		HideSolutionNode = FALSE
	EndGlobalSection
	GlobalSection(ExtensibilityGlobals) = postSolution
		SolutionGuid = {42716F7E-BF2E-4BEB-BEFD-480C2C4493A4}
	EndGlobalSection
EndGlobal
