
Microsoft Visual Studio Solution File, Format Version 12.00
# Visual Studio Version 16
VisualStudioVersion = 16.0.29324.140
MinimumVisualStudioVersion = 10.0.40219.1
Project("{FAE04EC0-301F-11D3-BF4B-00C04F79EFBC}") = "CTAPBLETool", "CTAPBLETool\CTAPBLETool.csproj", "{9C3F81BD-4629-4393-A700-004C379AC171}"
EndProject
Global
	GlobalSection(SolutionConfigurationPlatforms) = preSolution
		Debug|Any CPU = Debug|Any CPU
		Release|Any CPU = Release|Any CPU
	EndGlobalSection
	GlobalSection(ProjectConfigurationPlatforms) = postSolution
		{9C3F81BD-4629-4393-A700-004C379AC171}.Debug|Any CPU.ActiveCfg = Debug|Any CPU
		{9C3F81BD-4629-4393-A700-004C379AC171}.Debug|Any CPU.Build.0 = Debug|Any CPU
		{9C3F81BD-4629-4393-A700-004C379AC171}.Release|Any CPU.ActiveCfg = Release|Any CPU
		{9C3F81BD-4629-4393-A700-004C379AC171}.Release|Any CPU.Build.0 = Release|Any CPU
	EndGlobalSection
	GlobalSection(SolutionProperties) = preSolution
		HideSolutionNode = FALSE
	EndGlobalSection
	GlobalSection(ExtensibilityGlobals) = postSolution
		SolutionGuid = {FD447573-CC8D-465A-977E-7EB13C0559B0}
	EndGlobalSection
EndGlobal
